
Microsoft Visual Studio Solution File, Format Version 12.00
# Visual Studio Version 17
VisualStudioVersion = 17.10.35027.167
MinimumVisualStudioVersion = 10.0.40219.1
Project("{FAE04EC0-301F-11D3-BF4B-00C04F79EFBC}") = "MyAspNetCoreApp.Wep", "MyAspNetCoreApp.Wep\MyAspNetCoreApp.Wep.csproj", "{EEA0A19E-22A2-4BA4-886B-16918A08E200}"
EndProject
Global
	GlobalSection(SolutionConfigurationPlatforms) = preSolution
		Debug|Any CPU = Debug|Any CPU
		Release|Any CPU = Release|Any CPU
	EndGlobalSection
	GlobalSection(ProjectConfigurationPlatforms) = postSolution
		{EEA0A19E-22A2-4BA4-886B-16918A08E200}.Debug|Any CPU.ActiveCfg = Debug|Any CPU
		{EEA0A19E-22A2-4BA4-886B-16918A08E200}.Debug|Any CPU.Build.0 = Debug|Any CPU
		{EEA0A19E-22A2-4BA4-886B-16918A08E200}.Release|Any CPU.ActiveCfg = Release|Any CPU
		{EEA0A19E-22A2-4BA4-886B-16918A08E200}.Release|Any CPU.Build.0 = Release|Any CPU
	EndGlobalSection
	GlobalSection(SolutionProperties) = preSolution
		HideSolutionNode = FALSE
	EndGlobalSection
	GlobalSection(ExtensibilityGlobals) = postSolution
		SolutionGuid = {E8A6D664-1C12-4CB3-887B-548EF1579130}
	EndGlobalSection
EndGlobal
